{
  "version": 2,
  "dependencies": {
    "net10.0": {
      "Avalonia": {
        "type": "Direct",
        "requested": "[12.1.0, )",
        "resolved": "12.1.0",
        "contentHash": "an4ugAy2q6GTdaFl635V8W/LKrWNL+mnSFUprbgyf8m1Zzf9WgoGaF5ajGv5i4gXefMZrzsUPV1QU+kKrgwCWg==",
        "dependencies": {
          "Avalonia.BuildServices": "11.3.2",
          "Avalonia.Remote.Protocol": "12.1.0",
          "MicroCom.Runtime": "0.11.6"
        }
      },
      "Avalonia.Desktop": {
        "type": "Direct",
        "requested": "[12.1.0, )",
        "resolved": "12.1.0",
        "contentHash": "mxhz50At61IBQbB/bCo5JGp53rPi3GerGO9mFo/v93uBHa4J3cz3NSSqnVWSyQXKbPCwQhrogfEFWbKBgecy1w==",
        "dependencies": {
          "Avalonia": "12.1.0",
          "Avalonia.HarfBuzz": "12.1.0",
          "Avalonia.Native": "12.1.0",
          "Avalonia.Skia": "12.1.0",
          "Avalonia.Win32": "12.1.0",
          "Avalonia.X11": "12.1.0"
        }
      },
      "Avalonia.Themes.Simple": {
        "type": "Direct",
        "requested": "[12.1.0, )",
        "resolved": "12.1.0",
        "contentHash": "tJ/Hi8Sdp+JQQeTDgpcypK5GUK+6v23ZSevffn5c5Ws9dN/FaFUNZe31RBA9z2PU/F973CVdZXv9n+YRHIL3NQ==",
        "dependencies": {
          "Avalonia": "12.1.0"
        }
      },
      "CommunityToolkit.Mvvm": {
        "type": "Direct",
        "requested": "[8.4.0, )",
        "resolved": "8.4.0",
        "contentHash": "tqVU8yc/ADO9oiTRyTnwhFN68hCwvkliMierptWOudIAvWY1mWCh5VFh+guwHJmpMwfg0J0rY+yyd5Oy7ty9Uw=="
      },
      "Microsoft.DotNet.ILCompiler": {
        "type": "Direct",
        "requested": "[10.0.11, )",
        "resolved": "10.0.11",
        "contentHash": "yloFUsIQOzspIsn2cDHrbgikKaWHAZspzj0EWxnWJJpFC89IBW64OXgCECsrrnzGWQvy1iLX9r5/R4zBf7Am3g=="
      },
      "Microsoft.Extensions.Caching.Memory": {
        "type": "Direct",
        "requested": "[10.0.11, )",
        "resolved": "10.0.11",
        "contentHash": "el1g0mBEbDBGY2bT9mcSfrTWO8QlPdq2nOCnvQugioOFwHV+bVBMeiakoI0dNOdj8d6Hi9K6HY2xzRUWJiDR3w==",
        "dependencies": {
          "Microsoft.Extensions.Caching.Abstractions": "10.0.11",
          "Microsoft.Extensions.DependencyInjection.Abstractions": "10.0.11",
          "Microsoft.Extensions.Logging.Abstractions": "10.0.11",
          "Microsoft.Extensions.Options": "10.0.11",
          "Microsoft.Extensions.Primitives": "10.0.11"
        }
      },
      "Microsoft.Extensions.DependencyInjection": {
        "type": "Direct",
        "requested": "[10.0.11, )",
        "resolved": "10.0.11",
        "contentHash": "PSmotV19c7E3lKed++uYo1kSiXFI+uTl37CBSrhq+CfLC3FCHjG7R91+xPnNehQfHS1b0Tzo/CCLPWH3qaEheg==",
        "dependencies": {
          "Microsoft.Extensions.DependencyInjection.Abstractions": "10.0.11"
        }
      },
      "Microsoft.NET.ILLink.Tasks": {
        "type": "Direct",
        "requested": "[10.0.11, )",
        "resolved": "10.0.11",
        "contentHash": "IBf7lbovvjGWVWXZX5cJ/cO0WXbId0Zq4BuSeT94mGZuOAP66oMeH9PTBZ9Jpp3Jb6jtK0qm/NyUbPRo1gC/wQ=="
      },
      "Microsoft.WindowsAppSDK.ML": {
        "type": "Direct",
        "requested": "[2.1.74, )",
        "resolved": "2.1.74",
        "contentHash": "9Vd1ikH+n6pbqhgmCn+zNulJ6gIp9Hz9bC++ka1Uphh2gule6HiT6Jr25N/fQoEc4I9xOTKkn3DtlcpHlcocaw=="
      },
      "Serilog": {
        "type": "Direct",
        "requested": "[4.4.0, )",
        "resolved": "4.4.0",
        "contentHash": "ZC6Le3rr4TVJJjS4KsQAesxeF1EhW9qcZmmG7eP5Y2G3+gTGkJEUXkq4+tZNPtyp05I0wWOxnIjwtxFweJsObw=="
      },
      "ShadUI": {
        "type": "Direct",
        "requested": "[0.2.4, )",
        "resolved": "0.2.4",
        "contentHash": "4T4zNXdkJEik8Z/yNkYbHFbgOyAZY45t5mDlU3ewCQS9M2SCF42o11e2vv0rcc0BGYhWlf4uzT2qFppUVUjBaA==",
        "dependencies": {
          "Avalonia": "12.1.0",
          "Avalonia.Controls.ColorPicker": "12.1.0",
          "Avalonia.Controls.DataGrid": "12.1.0",
          "Avalonia.Themes.Simple": "12.1.0"
        }
      },
      "Avalonia.Angle.Windows.Natives": {
        "type": "Transitive",
        "resolved": "2.1.27548.20260419",
        "contentHash": "l17nI3XVDN3oMnpjf2pnmJg0YTwK4m6NLsn/itAjDMdObTFxN77D5F1M9sRMSfViSY3KKcse1ROczwgoWLJsnA=="
      },
      "Avalonia.BuildServices": {
        "type": "Transitive",
        "resolved": "11.3.2",
        "contentHash": "qHDToxto1e3hci5YqbG9n0Ty8mlp3zBUN5wT66wKqaDVzXyQ0do3EnRILd4Ke9jpvsktaPpgE0YjEk7hornryQ=="
      },
      "Avalonia.Controls.ColorPicker": {
        "type": "Transitive",
        "resolved": "12.1.0",
        "contentHash": "5ye5pHOKNSPh/lqQlQ/Z4rKwTjzjCGqlWseycjAuJp4DjyDR2ZH1mt3GBgL7K/y1Th+Gxu+LfM9IqIe6UqlxFA==",
        "dependencies": {
          "Avalonia": "12.1.0",
          "Avalonia.Remote.Protocol": "12.1.0"
        }
      },
      "Avalonia.Controls.DataGrid": {
        "type": "Transitive",
        "resolved": "12.1.0",
        "contentHash": "I4nkzELLRUWAqTLA4nY6lJ4nQFmXdZcGvRF7ze+k1aVE38KMJc5C8lqqs77F2kQQpCHKOwqmRwbO/leFKDQ5GA==",
        "dependencies": {
          "Avalonia": "12.1.0"
        }
      },
      "Avalonia.FreeDesktop": {
        "type": "Transitive",
        "resolved": "12.1.0",
        "contentHash": "89mrS7dSYtisJrjQufCOomHeAynlVVKZ+dq4leKtzHXXKVoWsE0Nb2ymiNYPMlirwzwpemflGj+K34opwyLeJQ==",
        "dependencies": {
          "Avalonia": "12.1.0",
          "Tmds.DBus.Protocol": "0.94.1"
        }
      },
      "Avalonia.FreeDesktop.AtSpi": {
        "type": "Transitive",
        "resolved": "12.1.0",
        "contentHash": "WWahMjzKtDl2PGHa8mS6NHIVMT+JNKVIeT5xMLp9SBTMvjHNpEbXTX3PNbbIQ7hRMSETAJ/PAnvgOzatGktEKQ==",
        "dependencies": {
          "Avalonia": "12.1.0"
        }
      },
      "Avalonia.HarfBuzz": {
        "type": "Transitive",
        "resolved": "12.1.0",
        "contentHash": "uWPa/kg+fmqhrUR5GzFC2ZL2MPszxcEy14hTSwu3VhjwTnaVarUozoPmggQjZG4A4s6w2bcGepsYYaCM/eOoMA==",
        "dependencies": {
          "Avalonia": "12.1.0",
          "HarfBuzzSharp": "8.3.1.3",
          "HarfBuzzSharp.NativeAssets.Linux": "8.3.1.3",
          "HarfBuzzSharp.NativeAssets.WebAssembly": "8.3.1.3"
        }
      },
      "Avalonia.Native": {
        "type": "Transitive",
        "resolved": "12.1.0",
        "contentHash": "mfNMtGP7rEVWSZoii0l40mlNhgNR6ZISTvHP7OAMn5YQHiK66EjfN26SL/kLnz1buy2VtMIiGVBbIttL8FYCZg==",
        "dependencies": {
          "Avalonia": "12.1.0"
        }
      },
      "Avalonia.Remote.Protocol": {
        "type": "Transitive",
        "resolved": "12.1.0",
        "contentHash": "p6OKt6O7vOub4TS2pAjaeW0Y13oxrPs4uixeVZpJByiSQKKk+LyApN5yRy2JerpfTMtI86Y5pNwugyKTHZJnAw=="
      },
      "Avalonia.Skia": {
        "type": "Transitive",
        "resolved": "12.1.0",
        "contentHash": "K63pwExQkcjVbsYJOiOq0hYAO4G5d7T42yK8MGNrvwBKv/bJVlV14jGvV4wXcsuYAU8IWlOHgqq5sMUiDfj4vw==",
        "dependencies": {
          "Avalonia": "12.1.0",
          "HarfBuzzSharp": "8.3.1.3",
          "HarfBuzzSharp.NativeAssets.Linux": "8.3.1.3",
          "HarfBuzzSharp.NativeAssets.WebAssembly": "8.3.1.3",
          "SkiaSharp": "3.119.4",
          "SkiaSharp.NativeAssets.Linux": "3.119.4",
          "SkiaSharp.NativeAssets.WebAssembly": "3.119.4"
        }
      },
      "Avalonia.Win32": {
        "type": "Transitive",
        "resolved": "12.1.0",
        "contentHash": "D0xxPtFeOK8cKK991ul92rlFtDO3II0E44dHM0ix4/8LVc9+1LaMdbf1eMnp1RclFwX2bt7HPhbySnrG5uArxA==",
        "dependencies": {
          "Avalonia": "12.1.0",
          "Avalonia.Angle.Windows.Natives": "2.1.27548.20260419"
        }
      },
      "Avalonia.X11": {
        "type": "Transitive",
        "resolved": "12.1.0",
        "contentHash": "6+YHVGf44ictmGj88diMCw9pC9tiwnMlUgosDi0VDmyUQFuy/mJIa4J0rZu6G+UMbjGuyLDQLmtvU4tTOhLMPg==",
        "dependencies": {
          "Avalonia": "12.1.0",
          "Avalonia.FreeDesktop": "12.1.0",
          "Avalonia.FreeDesktop.AtSpi": "12.1.0",
          "Avalonia.Skia": "12.1.0"
        }
      },
      "HarfBuzzSharp": {
        "type": "Transitive",
        "resolved": "8.3.1.3",
        "contentHash": "NGZ2+ZVNPM+NdHB/asW0/ykWngyHWwcqjrbN2nDeH1B/aptPGlCUl8wkQ2cSJxw5fdWgdmIPmNuTPWpLwNVXWg==",
        "dependencies": {
          "HarfBuzzSharp.NativeAssets.Win32": "8.3.1.3",
          "HarfBuzzSharp.NativeAssets.macOS": "8.3.1.3"
        }
      },
      "HarfBuzzSharp.NativeAssets.Linux": {
        "type": "Transitive",
        "resolved": "8.3.1.3",
        "contentHash": "RI6A1LgmooU30+4QIyFt5rmBCzP0VzTR+587IJSGvYIsHHWlahFufihYxtraLfsIhW7I8dn6+xX+DZGygOPKWQ=="
      },
      "HarfBuzzSharp.NativeAssets.macOS": {
        "type": "Transitive",
        "resolved": "8.3.1.3",
        "contentHash": "KPTq0xnslkI6nAo0jh3ptcQPJvZZr7MWYXa2jUe4SnHc9q+JlHElmNXp0sfFoiTgoCX7WOYpYsurypuH9Gehxw=="
      },
      "HarfBuzzSharp.NativeAssets.WebAssembly": {
        "type": "Transitive",
        "resolved": "8.3.1.3",
        "contentHash": "w2QfdNm9Uz/sUa0B5D+OnVQhyq3G/fBq6ibQMdWBlQqqwh0g0/5j3RFvYqZAmRZ5+RzvjVe8o8SFFnWYUSkuxA=="
      },
      "HarfBuzzSharp.NativeAssets.Win32": {
        "type": "Transitive",
        "resolved": "8.3.1.3",
        "contentHash": "bx8CE8Js+XGX8PUxAHCBDEORt5aaBYtMN4Hr9QFs57Xithh6yjUyYqksizH6eRDhJkwsGI+SXWmPmMm8lZC9Pw=="
      },
      "Humanizer.Core": {
        "type": "Transitive",
        "resolved": "3.0.10",
        "contentHash": "yZIhtw8sYuvsONzQbZxWpR60tMWYHXoo0DL6nyOqSFiU5POjBTSEyWFpTQtJEZuy+oqiYTXKXY/Mjx7KnqIQFw=="
      },
      "Json.More.Net": {
        "type": "Transitive",
        "resolved": "3.0.1",
        "contentHash": "fRctF2J2SILYG6wqP21drmeEODmCVkVQ/b3MndDu2fT1swfySyUgq7ePCk+aENGlDcIm05fyfjh9vcuqDEfv3w=="
      },
      "JsonPointer.Net": {
        "type": "Transitive",
        "resolved": "7.0.2",
        "contentHash": "oClYHv2ooeRrtPZyC9sb/Za/ie5pGhjTbNHlAyFg4XOCyU+606FdoZKS7UdaWvtsPlrF+U2w0Ja3TRvn5+spyA==",
        "dependencies": {
          "Humanizer.Core": "3.0.10",
          "Json.More.Net": "3.0.1"
        }
      },
      "MicroCom.Runtime": {
        "type": "Transitive",
        "resolved": "0.11.6",
        "contentHash": "NdNWGDiZ6eS/Mf/9+QHR91cj1K7Hy+PX9yrHI/zM7xFYuj9IWT2uxtB6sCHjrnxAeLV9fut1R6zHDUGKX6f9lQ=="
      },
      "Microsoft.Extensions.Caching.Abstractions": {
        "type": "Transitive",
        "resolved": "10.0.11",
        "contentHash": "vUl798SmruTqqlt/xH2gDk3tJlhk6k3HdOXAHirlRfbNKDym4g/kRpUL9S4sl6F6FsOTOMW+ZsDapqlZMOOiEw==",
        "dependencies": {
          "Microsoft.Extensions.Primitives": "10.0.11"
        }
      },
      "Microsoft.Extensions.DependencyInjection.Abstractions": {
        "type": "Transitive",
        "resolved": "10.0.11",
        "contentHash": "/a1aJz4m7ylhEDf25ugQChLQoN5XwoGjWw/BoR/ZWWKsO1v4DdJElS1uyngahz4B/eOzjFk1KNTkarRLE5wsIg=="
      },
      "Microsoft.Extensions.Options": {
        "type": "Transitive",
        "resolved": "10.0.11",
        "contentHash": "eY1GAKcTfD2maP27J84X9IovT3yjHJ2dVDzPmDg6/XqYvt3jMzJhtfQCLjG9pVsZGAd+8DQ2QrjaDcs2+VQLGw==",
        "dependencies": {
          "Microsoft.Extensions.DependencyInjection.Abstractions": "10.0.11",
          "Microsoft.Extensions.Primitives": "10.0.11"
        }
      },
      "Microsoft.Extensions.Primitives": {
        "type": "Transitive",
        "resolved": "10.0.11",
        "contentHash": "SXcz+kF+4Oo9b1+55zntpJFYfwb1jw66ioxptyNOOTDc8g2FHnBFWjZpsWfCvZIhzr0x+4e2trVTs4OKwQfBtw=="
      },
      "Microsoft.ML.OnnxRuntime.Managed": {
        "type": "Transitive",
        "resolved": "1.29.0",
        "contentHash": "jLy5PtzvRQCBFOczzfRY7zpuMVUyLwjO0Jsdd8MBZdmnPIqx5vW9cYDNyCqkrYpwkof8GlqBVaEUMWrMWRtvuw==",
        "dependencies": {
          "System.Numerics.Tensors": "9.0.0"
        }
      },
      "SkiaSharp": {
        "type": "Transitive",
        "resolved": "3.119.4",
        "contentHash": "53NOSUZ1Us+91Sm0uCkIivh/k7jOowRErZT2sIWwPFN9mLUvdxnE6rS4sWo4255+Rd2MWUSF+j0NMZHD6Cke+Q==",
        "dependencies": {
          "SkiaSharp.NativeAssets.Win32": "3.119.4",
          "SkiaSharp.NativeAssets.macOS": "3.119.4"
        }
      },
      "SkiaSharp.NativeAssets.Linux": {
        "type": "Transitive",
        "resolved": "3.119.4",
        "contentHash": "UAyVzbqNfZsZbKbzj68zXLyUyF/SbTKmzTfOO6qDu++dtIUMMTzPBe8oOuzU/DiewpfKoUUlOSsJmqWc6blxBw=="
      },
      "SkiaSharp.NativeAssets.macOS": {
        "type": "Transitive",
        "resolved": "3.119.4",
        "contentHash": "fgBOWEqbY012x7gMfJU4ezgz6dfhJb30Z6YdW35h85Zoe39+a8YNbAAwL29ihPfWoppg5AjvyKNzD1oCvlqWwA=="
      },
      "SkiaSharp.NativeAssets.WebAssembly": {
        "type": "Transitive",
        "resolved": "3.119.4",
        "contentHash": "S1HOxtBbD4bYDtA2e9WH5TX+lxqRrTPvKjrjttRhxnHNNu7YY8VFo/LeCP7tNqoTA6PV+8vsvNbmRUEC2ip8RQ=="
      },
      "SkiaSharp.NativeAssets.Win32": {
        "type": "Transitive",
        "resolved": "3.119.4",
        "contentHash": "XOpbx/4CReO2wYsq2s6rbvdauc6dntG4Zv499sHGTJ87bwZaFXszFkwql3+FIZMc8kUPeaj3Mx2ezIJmo8a1Kg=="
      },
      "Tmds.DBus.Protocol": {
        "type": "Transitive",
        "resolved": "0.94.1",
        "contentHash": "11YMr7FnAbL83bQmVxlhbIKHvSLxjO81D12Ej0QMSGXMDTxNA9MTOa4MQxx43nv5el/efuPHwzyrj6a5ha2gug=="
      },
      "XmpCore": {
        "type": "Transitive",
        "resolved": "6.1.10.1",
        "contentHash": "/Tp2/e39e7z8hLtS4TXt0FNNZHbf5yNFfHS0/59soXlgOzZlyRZivvzWpvujyaWkTWWgecp/1nHxkuc5vntn7A=="
      },
      "imagetagger.core": {
        "type": "Project",
        "dependencies": {
          "CommunityToolkit.HighPerformance": "[8.4.2, )",
          "System.Numerics.Tensors": "[10.0.11, )"
        }
      },
      "imagetagger.infrastructure": {
        "type": "Project",
        "dependencies": {
          "CsvHelper": "[33.1.0, )",
          "ImageTagger.Core": "[1.0.0, )",
          "JsonSchema.Net": "[9.4.0, )",
          "MetadataExtractor": "[2.9.3, )",
          "Microsoft.Extensions.Caching.Memory": "[10.0.11, )",
          "Microsoft.ML.OnnxRuntime": "[1.29.0, )",
          "Serilog": "[4.4.0, )",
          "Serilog.Sinks.File": "[7.0.0, )",
          "SixLabors.ImageSharp": "[3.1.12, )"
        }
      },
      "CommunityToolkit.HighPerformance": {
        "type": "CentralTransitive",
        "requested": "[8.4.2, )",
        "resolved": "8.4.2",
        "contentHash": "2hmtrrU18x6NL3mbuAqwy0KpnoEEJOuK6sH5RKQfD/jHijn2pqvqBUC7WGy9dgNBL9BDA7eOC0kirsNPMp2f4Q=="
      },
      "CsvHelper": {
        "type": "CentralTransitive",
        "requested": "[33.1.0, )",
        "resolved": "33.1.0",
        "contentHash": "kqfTOZGrn7NarNeXgjh86JcpTHUoeQDMB8t9NVa/ZtlSYiV1rxfRnQ49WaJsob4AiGrbK0XDzpyKkBwai4F8eg=="
      },
      "JsonSchema.Net": {
        "type": "CentralTransitive",
        "requested": "[9.4.0, )",
        "resolved": "9.4.0",
        "contentHash": "muE4nPuzbD9x5XA1mkXJNqX4mhz47oF3EY8qFLY1pyUY7lhXFKq65t/dSKIHeNSLBV17zwZuq24MD1em90rMNg==",
        "dependencies": {
          "JsonPointer.Net": "7.0.2"
        }
      },
      "MetadataExtractor": {
        "type": "CentralTransitive",
        "requested": "[2.9.3, )",
        "resolved": "2.9.3",
        "contentHash": "7dBcqlPC2Zc/bsZtXnv8nCWe5h5WsLHszzHtxnpcsVy4MwlD3KQ3wVNoiYBm0a3rzt5hRwAosPvLPhlXrV5lyg==",
        "dependencies": {
          "XmpCore": "6.1.10.1"
        }
      },
      "Microsoft.Extensions.Logging.Abstractions": {
        "type": "CentralTransitive",
        "requested": "[10.0.11, )",
        "resolved": "10.0.11",
        "contentHash": "Ljd0Uxoq5XpScD2Bg0nM/r3mwx7Ao5Uq24eo2ARxbGvqJ7Zht6rt2cJtwVRH4Cv+1ZVMdXz6TB43KbpmsxRrvQ==",
        "dependencies": {
          "Microsoft.Extensions.DependencyInjection.Abstractions": "10.0.11"
        }
      },
      "Microsoft.ML.OnnxRuntime": {
        "type": "CentralTransitive",
        "requested": "[1.29.0, )",
        "resolved": "1.29.0",
        "contentHash": "bUO3Ryc42UVkDGByBIYU9/ogRURGHeMOEq96LMWnDBVMQGZpIahBhPRCeu+Qq6+EJh/dfxzFJBKZa0/+yMmpWQ==",
        "dependencies": {
          "Microsoft.ML.OnnxRuntime.Managed": "1.29.0"
        }
      },
      "Serilog.Sinks.File": {
        "type": "CentralTransitive",
        "requested": "[7.0.0, )",
        "resolved": "7.0.0",
        "contentHash": "fKL7mXv7qaiNBUC71ssvn/dU0k9t0o45+qm2XgKAlSt19xF+ijjxyA3R6HmCgfKEKwfcfkwWjayuQtRueZFkYw==",
        "dependencies": {
          "Serilog": "4.2.0"
        }
      },
      "SixLabors.ImageSharp": {
        "type": "CentralTransitive",
        "requested": "[3.1.12, )",
        "resolved": "3.1.12",
        "contentHash": "iAg6zifihXEFS/t7fiHhZBGAdCp3FavsF4i2ZIDp0JfeYeDVzvmlbY1CNhhIKimaIzrzSi5M/NBFcWvZT2rB/A=="
      },
      "System.Numerics.Tensors": {
        "type": "CentralTransitive",
        "requested": "[10.0.11, )",
        "resolved": "10.0.11",
        "contentHash": "4jNNt67NhCqf3bf2FN0mrsC+EH60L7Sny6poqVeiviB27Kw7TQzMmgn8HIaPc8E9EcuGusUyfeu21gLfzcBpDA=="
      }
    },
    "net10.0/win-x64": {
      "Microsoft.DotNet.ILCompiler": {
        "type": "Direct",
        "requested": "[10.0.11, )",
        "resolved": "10.0.11",
        "contentHash": "yloFUsIQOzspIsn2cDHrbgikKaWHAZspzj0EWxnWJJpFC89IBW64OXgCECsrrnzGWQvy1iLX9r5/R4zBf7Am3g==",
        "dependencies": {
          "runtime.win-x64.Microsoft.DotNet.ILCompiler": "10.0.11"
        }
      },
      "Avalonia.Angle.Windows.Natives": {
        "type": "Transitive",
        "resolved": "2.1.27548.20260419",
        "contentHash": "l17nI3XVDN3oMnpjf2pnmJg0YTwK4m6NLsn/itAjDMdObTFxN77D5F1M9sRMSfViSY3KKcse1ROczwgoWLJsnA=="
      },
      "Avalonia.Native": {
        "type": "Transitive",
        "resolved": "12.1.0",
        "contentHash": "mfNMtGP7rEVWSZoii0l40mlNhgNR6ZISTvHP7OAMn5YQHiK66EjfN26SL/kLnz1buy2VtMIiGVBbIttL8FYCZg==",
        "dependencies": {
          "Avalonia": "12.1.0"
        }
      },
      "HarfBuzzSharp.NativeAssets.Linux": {
        "type": "Transitive",
        "resolved": "8.3.1.3",
        "contentHash": "RI6A1LgmooU30+4QIyFt5rmBCzP0VzTR+587IJSGvYIsHHWlahFufihYxtraLfsIhW7I8dn6+xX+DZGygOPKWQ=="
      },
      "HarfBuzzSharp.NativeAssets.macOS": {
        "type": "Transitive",
        "resolved": "8.3.1.3",
        "contentHash": "KPTq0xnslkI6nAo0jh3ptcQPJvZZr7MWYXa2jUe4SnHc9q+JlHElmNXp0sfFoiTgoCX7WOYpYsurypuH9Gehxw=="
      },
      "HarfBuzzSharp.NativeAssets.Win32": {
        "type": "Transitive",
        "resolved": "8.3.1.3",
        "contentHash": "bx8CE8Js+XGX8PUxAHCBDEORt5aaBYtMN4Hr9QFs57Xithh6yjUyYqksizH6eRDhJkwsGI+SXWmPmMm8lZC9Pw=="
      },
      "runtime.win-x64.Microsoft.DotNet.ILCompiler": {
        "type": "Transitive",
        "resolved": "10.0.11",
        "contentHash": "D6ZKMo3NeTnos7l5S8bMmiPm4LK+y15Q/uduyPw7FX+xKbeWVWdwlcZGkLLPjLvW4ZO6o3ACanq5HsSXJgrt0g=="
      },
      "SkiaSharp.NativeAssets.Linux": {
        "type": "Transitive",
        "resolved": "3.119.4",
        "contentHash": "UAyVzbqNfZsZbKbzj68zXLyUyF/SbTKmzTfOO6qDu++dtIUMMTzPBe8oOuzU/DiewpfKoUUlOSsJmqWc6blxBw=="
      },
      "SkiaSharp.NativeAssets.macOS": {
        "type": "Transitive",
        "resolved": "3.119.4",
        "contentHash": "fgBOWEqbY012x7gMfJU4ezgz6dfhJb30Z6YdW35h85Zoe39+a8YNbAAwL29ihPfWoppg5AjvyKNzD1oCvlqWwA=="
      },
      "SkiaSharp.NativeAssets.Win32": {
        "type": "Transitive",
        "resolved": "3.119.4",
        "contentHash": "XOpbx/4CReO2wYsq2s6rbvdauc6dntG4Zv499sHGTJ87bwZaFXszFkwql3+FIZMc8kUPeaj3Mx2ezIJmo8a1Kg=="
      },
      "Microsoft.ML.OnnxRuntime": {
        "type": "CentralTransitive",
        "requested": "[1.29.0, )",
        "resolved": "1.29.0",
        "contentHash": "bUO3Ryc42UVkDGByBIYU9/ogRURGHeMOEq96LMWnDBVMQGZpIahBhPRCeu+Qq6+EJh/dfxzFJBKZa0/+yMmpWQ==",
        "dependencies": {
          "Microsoft.ML.OnnxRuntime.Managed": "1.29.0"
        }
      }
    }
  }
}